{
  "name": "@seneca/joi",
  "version": "7.1.0",
  "lockfileVersion": 3,
  "requires": true,
  "packages": {
    "": {
      "name": "@seneca/joi",
      "version": "7.1.0",
      "license": "MIT",
      "dependencies": {
        "@hapi/joi": "^17.1.1"
      },
      "devDependencies": {
        "prettier": "^2.0.5",
        "seneca": "^4.0.0-rc5",
        "seneca-promisify": "^3.7.2"
      },
      "peerDependencies": {
        "seneca": ">=2 || >=4.0.0-rc5"
      }
    },
    "node_modules/@hapi/address": {
      "version": "4.1.0",
      "resolved": "https://registry.npmjs.org/@hapi/address/-/address-4.1.0.tgz",
      "integrity": "sha512-SkszZf13HVgGmChdHo/PxchnSaCJ6cetVqLzyciudzZRT0jcOouIF/Q93mgjw8cce+D+4F4C1Z/WrfFN+O3VHQ==",
      "deprecated": "Moved to 'npm install @sideway/address'",
      "license": "BSD-3-Clause",
      "dependencies": {
        "@hapi/hoek": "^9.0.0"
      }
    },
    "node_modules/@hapi/formula": {
      "version": "2.0.0",
      "resolved": "https://registry.npmjs.org/@hapi/formula/-/formula-2.0.0.tgz",
      "integrity": "sha512-V87P8fv7PI0LH7LiVi8Lkf3x+KCO7pQozXRssAHNXXL9L1K+uyu4XypLXwxqVDKgyQai6qj3/KteNlrqDx4W5A==",
      "deprecated": "Moved to 'npm install @sideway/formula'",
      "license": "BSD-3-Clause"
    },
    "node_modules/@hapi/hoek": {
      "version": "9.3.0",
      "resolved": "https://registry.npmjs.org/@hapi/hoek/-/hoek-9.3.0.tgz",
      "integrity": "sha512-/c6rf4UJlmHlC9b5BaNvzAcFv7HZ2QHaV0D4/HNlBdvFnvQq8RI4kYdhyPCl7Xj+oWvTWQ8ujhqS53LIgAe6KQ==",
      "license": "BSD-3-Clause"
    },
    "node_modules/@hapi/joi": {
      "version": "17.1.1",
      "resolved": "https://registry.npmjs.org/@hapi/joi/-/joi-17.1.1.tgz",
      "integrity": "sha512-p4DKeZAoeZW4g3u7ZeRo+vCDuSDgSvtsB/NpfjXEHTUjSeINAi/RrVOWiVQ1isaoLzMvFEhe8n5065mQq1AdQg==",
      "deprecated": "Switch to 'npm install joi'",
      "license": "BSD-3-Clause",
      "dependencies": {
        "@hapi/address": "^4.0.1",
        "@hapi/formula": "^2.0.0",
        "@hapi/hoek": "^9.0.0",
        "@hapi/pinpoint": "^2.0.0",
        "@hapi/topo": "^5.0.0"
      }
    },
    "node_modules/@hapi/pinpoint": {
      "version": "2.0.1",
      "resolved": "https://registry.npmjs.org/@hapi/pinpoint/-/pinpoint-2.0.1.tgz",
      "integrity": "sha512-EKQmr16tM8s16vTT3cA5L0kZZcTMU5DUOZTuvpnY738m+jyP3JIUj+Mm1xc1rsLkGBQ/gVnfKYPwOmPg1tUR4Q==",
      "license": "BSD-3-Clause"
    },
    "node_modules/@hapi/topo": {
      "version": "5.1.0",
      "resolved": "https://registry.npmjs.org/@hapi/topo/-/topo-5.1.0.tgz",
      "integrity": "sha512-foQZKJig7Ob0BMAYBfcJk8d77QtOe7Wo4ox7ff1lQYoNNAb6jwcY1ncdoy2e9wQZzvNy7ODZCYJkK8kzmcAnAg==",
      "license": "BSD-3-Clause",
      "dependencies": {
        "@hapi/hoek": "^9.0.0"
      }
    },
    "node_modules/eraro": {
      "version": "3.1.1",
      "resolved": "https://registry.npmjs.org/eraro/-/eraro-3.1.1.tgz",
      "integrity": "sha512-hwZswkKjcfXjnG5/C3B5pDhcLIXn8UCJERmEj5Fx4aKBDAJa6Fmlzg9JuacGZ9o2xIa5+MnRTl9qm5i2njRAFg==",
      "dev": true,
      "license": "MIT"
    },
    "node_modules/fast-safe-stringify": {
      "version": "2.1.1",
      "resolved": "https://registry.npmjs.org/fast-safe-stringify/-/fast-safe-stringify-2.1.1.tgz",
      "integrity": "sha512-W+KJc2dmILlPplD/H4K9l9LcAHAfPtP6BY84uVLXQ6Evcz9Lcg33Y2z1IVblT6xdY54PXYVHEv+0Wpq8Io6zkA==",
      "dev": true,
      "license": "MIT"
    },
    "node_modules/gate-executor": {
      "version": "3.3.1",
      "resolved": "https://registry.npmjs.org/gate-executor/-/gate-executor-3.3.1.tgz",
      "integrity": "sha512-5zLKA6nuqoe3fhpY+JOMNaADU208lXz9gaD6JRmDtULNIXs8jQzx6XmWmqjYXKL2ppBO/tfg1mQwR2hU5DUNrg==",
      "dev": true,
      "license": "MIT",
      "engines": {
        "node": ">=12.0.0"
      }
    },
    "node_modules/gex": {
      "version": "4.1.2",
      "resolved": "https://registry.npmjs.org/gex/-/gex-4.1.2.tgz",
      "integrity": "sha512-//zJKNXXTn3i5nGmVddSiGE1unBCieAgXpPWFII5nVn4LEJIISHavziKuy05FzAjlE/FPSLPTxnfWgf7hNS59w==",
      "dev": true,
      "license": "MIT"
    },
    "node_modules/gubu": {
      "version": "9.0.0",
      "resolved": "https://registry.npmjs.org/gubu/-/gubu-9.0.0.tgz",
      "integrity": "sha512-ha4I76HekhYzoXoA5gJql3ql/fTRaj+pyQUwOITCuEENE8sdInUU1lc0+Wr7v4GeAh0Kh8sUCNuwwOw6DHRYTA==",
      "dev": true,
      "license": "MIT",
      "engines": {
        "node": ">=14"
      }
    },
    "node_modules/jsonic": {
      "version": "2.28.0",
      "resolved": "https://registry.npmjs.org/jsonic/-/jsonic-2.28.0.tgz",
      "integrity": "sha512-lo+Yo4ShvJot3A3G6kZOlphRx+GfhR4uK3/O0u9Wg12fggOuvK7TxtteoRtBGeGaqnbHqEHqkj3Uft8obfvP+g==",
      "dev": true,
      "license": "MIT",
      "bin": {
        "jsonic": "bin/jsonic",
        "jsonic-bnf": "bin/jsonic-bnf"
      }
    },
    "node_modules/lodash.defaultsdeep": {
      "version": "4.6.1",
      "resolved": "https://registry.npmjs.org/lodash.defaultsdeep/-/lodash.defaultsdeep-4.6.1.tgz",
      "integrity": "sha512-3j8wdDzYuWO3lM3Reg03MuQR957t287Rpcxp1njpEa8oDrikb+FwGdW3n+FELh/A6qib6yPit0j/pv9G/yeAqA==",
      "dev": true,
      "license": "MIT"
    },
    "node_modules/lodash.flatten": {
      "version": "4.4.0",
      "resolved": "https://registry.npmjs.org/lodash.flatten/-/lodash.flatten-4.4.0.tgz",
      "integrity": "sha512-C5N2Z3DgnnKr0LOpv/hKCgKdb7ZZwafIrsesve6lmzvZIRZRGaZ/l6Q8+2W7NaT+ZwO3fFlSCzCzrDCFdJfZ4g==",
      "dev": true,
      "license": "MIT"
    },
    "node_modules/lodash.uniq": {
      "version": "4.5.0",
      "resolved": "https://registry.npmjs.org/lodash.uniq/-/lodash.uniq-4.5.0.tgz",
      "integrity": "sha512-xfBaXQd9ryd9dlSDvnvI0lvxfLJlYAZzXomUYzLKtUeOQvOP5piqAWuGtrhWeqaXK9hhoM/iyJc5AV+XfsX3HQ==",
      "dev": true,
      "license": "MIT"
    },
    "node_modules/minimist": {
      "version": "1.2.8",
      "resolved": "https://registry.npmjs.org/minimist/-/minimist-1.2.8.tgz",
      "integrity": "sha512-2yyAR8qBkN3YuheJanUpWC5U3bb5osDywNB8RzDVlDwDHbocAJveqqj1u8+SVD7jkWT4yvsHCpWqqWqAxb0zCA==",
      "dev": true,
      "license": "MIT",
      "funding": {
        "url": "https://github.com/sponsors/ljharb"
      }
    },
    "node_modules/nid": {
      "version": "2.0.1",
      "resolved": "https://registry.npmjs.org/nid/-/nid-2.0.1.tgz",
      "integrity": "sha512-Bbk4beUZSQLm1YDnxoS01+o5nT0ucvwmzQbNShESGjDwb7drDz6ynntaUBpn8R9JhrYZ/uobt4xALy+NVB7WqQ==",
      "dev": true,
      "license": "MIT",
      "engines": {
        "node": ">=12"
      }
    },
    "node_modules/nua": {
      "version": "2.3.1",
      "resolved": "https://registry.npmjs.org/nua/-/nua-2.3.1.tgz",
      "integrity": "sha512-2kQ+qK/x0p/t7+pvEFDio8MM1bWyOvhmMlUPnpMGgZH5ZChG8vsEoLf6huTeYTC8UzaB6rhVMUEHaOS+Yx53XQ==",
      "dev": true,
      "license": "MIT"
    },
    "node_modules/ordu": {
      "version": "2.2.0",
      "resolved": "https://registry.npmjs.org/ordu/-/ordu-2.2.0.tgz",
      "integrity": "sha512-PodC6lVe7P6QjMuOsO10Wk8Q7PA2Ad9dNPal/r/KNK1YOJ3u+is0EUtyTwXRt1adXHG1Z9V1FpVkllg2vHxMyQ==",
      "dev": true,
      "license": "MIT",
      "dependencies": {
        "@hapi/hoek": "^9.2.1",
        "nua": "^2.0.1",
        "strict-event-emitter-types": "^2.0.0"
      }
    },
    "node_modules/patrun": {
      "version": "7.3.0",
      "resolved": "https://registry.npmjs.org/patrun/-/patrun-7.3.0.tgz",
      "integrity": "sha512-hYRj/0SQ3LkrDcnmIJAjGu8uLU7jdMUCKJ3HjC1GUooQGWHY3aOF+o34f8SCgFg3BbcKDEXNCghN5nIih5pr1Q==",
      "dev": true,
      "license": "MIT",
      "dependencies": {
        "gex": "4.1.2"
      }
    },
    "node_modules/prettier": {
      "version": "2.8.8",
      "resolved": "https://registry.npmjs.org/prettier/-/prettier-2.8.8.tgz",
      "integrity": "sha512-tdN8qQGvNjw4CHbY+XXk0JgCXn9QiF21a55rBe5LJAU+kDyC4WQn4+awm2Xfk2lQMk5fKup9XgzTZtGkjBdP9Q==",
      "dev": true,
      "license": "MIT",
      "bin": {
        "prettier": "bin-prettier.js"
      },
      "engines": {
        "node": ">=10.13.0"
      },
      "funding": {
        "url": "https://github.com/prettier/prettier?sponsor=1"
      }
    },
    "node_modules/rolling-stats": {
      "version": "0.2.1",
      "resolved": "https://registry.npmjs.org/rolling-stats/-/rolling-stats-0.2.1.tgz",
      "integrity": "sha512-A+DC0h7k/3UwFAOEi6He90oMWCrb/Byo8p3bKz+znFQuO1UcsiqosAiLGHyqq68rC601ph+6f7zWhVAFqZF05Q==",
      "dev": true,
      "license": "MIT"
    },
    "node_modules/seneca": {
      "version": "4.0.0-rc5",
      "resolved": "https://registry.npmjs.org/seneca/-/seneca-4.0.0-rc5.tgz",
      "integrity": "sha512-eNgnfrmT4W9qC/jluy1rLeTLu5o56CejtICZ3J/6DMLFbJw2c3IalR4Qz1QK+jnIdCro0fZSJ3AYQ0fg1qVrXQ==",
      "dev": true,
      "license": "MIT",
      "dependencies": {
        "eraro": "^3.0.1",
        "fast-safe-stringify": "^2.1.1",
        "gate-executor": "^3.1.1",
        "gubu": "^9.0.0",
        "jsonic": "^2.16.0",
        "lodash.defaultsdeep": "^4.6.1",
        "lodash.flatten": "^4.4.0",
        "lodash.uniq": "^4.5.0",
        "minimist": "^1.2.8",
        "nid": "^2.0.1",
        "ordu": "^2.2.0",
        "patrun": "^7.2.7",
        "rolling-stats": "^0.2.1",
        "use-plugin": "^13.2.0"
      },
      "engines": {
        "node": ">=14"
      }
    },
    "node_modules/seneca-promisify": {
      "version": "3.7.2",
      "resolved": "https://registry.npmjs.org/seneca-promisify/-/seneca-promisify-3.7.2.tgz",
      "integrity": "sha512-RW/7Q6fZmbeCVgU6VnBLyGupgQSbBei9dR9OKhtLaDUciSmll8GJeCWf44luCSSdzqBNQzS5GwU6GIe4D8teHg==",
      "dev": true,
      "license": "MIT",
      "engines": {
        "node": ">=14"
      },
      "peerDependencies": {
        "seneca": ">=3||>=4.0.0-rc2"
      }
    },
    "node_modules/strict-event-emitter-types": {
      "version": "2.0.0",
      "resolved": "https://registry.npmjs.org/strict-event-emitter-types/-/strict-event-emitter-types-2.0.0.tgz",
      "integrity": "sha512-Nk/brWYpD85WlOgzw5h173aci0Teyv8YdIAEtV+N88nDB0dLlazZyJMIsN6eo1/AR61l+p6CJTG1JIyFaoNEEA==",
      "dev": true,
      "license": "ISC"
    },
    "node_modules/use-plugin": {
      "version": "13.2.0",
      "resolved": "https://registry.npmjs.org/use-plugin/-/use-plugin-13.2.0.tgz",
      "integrity": "sha512-8GU5Ksmp/xXUEtTu9nWhMs7HWXGs3KoabQXwt2IouZl8qIL9dbA9kJYU5u/WLKuDbtw7m2s+4HUyrsY793Edpg==",
      "dev": true,
      "license": "MIT",
      "dependencies": {
        "eraro": "^3.0.1",
        "gubu": "^8.2.1",
        "lodash.defaultsdeep": "^4.6.1",
        "nid": "^2.0.1"
      },
      "engines": {
        "node": ">=16"
      }
    },
    "node_modules/use-plugin/node_modules/gubu": {
      "version": "8.3.0",
      "resolved": "https://registry.npmjs.org/gubu/-/gubu-8.3.0.tgz",
      "integrity": "sha512-v/CrDWq3VSGDuUxeVjvgeDfDas2w4pi8KHTO2r+AJ2qoIULxCUHXZ+OOFIBRmm2xp3SHOynJtx6VabtYPBYUbQ==",
      "dev": true,
      "license": "MIT",
      "engines": {
        "node": ">=14"
      }
    }
  }
}
